
Microsoft Visual Studio Solution File, Format Version 12.00
# Visual Studio Version 16
VisualStudioVersion = 16.0.31729.503
MinimumVisualStudioVersion = 10.0.40219.1
Project("{FAE04EC0-301F-11D3-BF4B-00C04F79EFBC}") = "Valuta", "Valuta\Valuta.csproj", "{56744606-A27D-4817-8182-7EE0CCC289A1}"
EndProject
Global
	GlobalSection(SolutionConfigurationPlatforms) = preSolution
		Debug|Any CPU = Debug|Any CPU
		Release|Any CPU = Release|Any CPU
	EndGlobalSection
	GlobalSection(ProjectConfigurationPlatforms) = postSolution
		{56744606-A27D-4817-8182-7EE0CCC289A1}.Debug|Any CPU.ActiveCfg = Debug|Any CPU
		{56744606-A27D-4817-8182-7EE0CCC289A1}.Debug|Any CPU.Build.0 = Debug|Any CPU
		{56744606-A27D-4817-8182-7EE0CCC289A1}.Release|Any CPU.ActiveCfg = Release|Any CPU
		{56744606-A27D-4817-8182-7EE0CCC289A1}.Release|Any CPU.Build.0 = Release|Any CPU
	EndGlobalSection
	GlobalSection(SolutionProperties) = preSolution
		HideSolutionNode = FALSE
	EndGlobalSection
	GlobalSection(ExtensibilityGlobals) = postSolution
		SolutionGuid = {E3097495-C034-4296-B25F-B56A67242AE4}
	EndGlobalSection
EndGlobal
